// !$*UTF8*$!
{
	archiveVersion = 1;
	classes = {
	};
	objectVersion = 56;
	objects = {

/* Begin PBXBuildFile section */
		21AE54FB2A8BB46100CF1820 /* OnboardI.swift in Sources */ = {isa = PBXBuildFile; fileRef = 21AE54FA2A8BB46100CF1820 /* OnboardI.swift */; };
		21AE54FE2A8BBC4000CF1820 /* SDWebImageSwiftUI in Frameworks */ = {isa = PBXBuildFile; productRef = 21AE54FD2A8BBC4000CF1820 /* SDWebImageSwiftUI */; };
		21AE55022A8BBCB200CF1820 /* WorldView.swift in Sources */ = {isa = PBXBuildFile; fileRef = 21AE55012A8BBCB200CF1820 /* WorldView.swift */; };
		21AED6872A8F150D000A1649 /* SpotThumbnail.swift in Sources */ = {isa = PBXBuildFile; fileRef = 21AED6862A8F150D000A1649 /* SpotThumbnail.swift */; };
		21B295FB2A8D3802007CF130 /* GoogleService-Info.plist in Resources */ = {isa = PBXBuildFile; fileRef = 21B295FA2A8D3802007CF130 /* GoogleService-Info.plist */; };
		21B52F962A8E53E300C07CAB /* SignUpView.swift in Sources */ = {isa = PBXBuildFile; fileRef = 21B52F952A8E53E300C07CAB /* SignUpView.swift */; };
		21B7ED022A8665DA001BEF78 /* AnalyticsService.swift in Sources */ = {isa = PBXBuildFile; fileRef = 21B7ED012A8665DA001BEF78 /* AnalyticsService.swift */; };
		21BB4CA22A83BFBE00A7FAD3 /* AnimationController.swift in Sources */ = {isa = PBXBuildFile; fileRef = 21BB4CA12A83BFBE00A7FAD3 /* AnimationController.swift */; };
		21BB4CA62A83C20E00A7FAD3 /* GoogleSignIn in Frameworks */ = {isa = PBXBuildFile; productRef = 21BB4CA52A83C20E00A7FAD3 /* GoogleSignIn */; };
		21BB4CA82A83C20E00A7FAD3 /* GoogleSignInSwift in Frameworks */ = {isa = PBXBuildFile; productRef = 21BB4CA72A83C20E00A7FAD3 /* GoogleSignInSwift */; };
		21CDB5F52A82A2C800A2E1FD /* CityXcapeApp.swift in Sources */ = {isa = PBXBuildFile; fileRef = 21CDB5F42A82A2C800A2E1FD /* CityXcapeApp.swift */; };
		21CDB5F72A82A2C800A2E1FD /* HomeView.swift in Sources */ = {isa = PBXBuildFile; fileRef = 21CDB5F62A82A2C800A2E1FD /* HomeView.swift */; };
		21CDB5F92A82A2C900A2E1FD /* Assets.xcassets in Resources */ = {isa = PBXBuildFile; fileRef = 21CDB5F82A82A2C900A2E1FD /* Assets.xcassets */; };
		21CDB5FC2A82A2C900A2E1FD /* Preview Assets.xcassets in Resources */ = {isa = PBXBuildFile; fileRef = 21CDB5FB2A82A2C900A2E1FD /* Preview Assets.xcassets */; };
		21CDB6062A82A6C900A2E1FD /* FirebaseAnalytics in Frameworks */ = {isa = PBXBuildFile; productRef = 21CDB6052A82A6C900A2E1FD /* FirebaseAnalytics */; };
		21CDB6082A82A6C900A2E1FD /* FirebaseAuth in Frameworks */ = {isa = PBXBuildFile; productRef = 21CDB6072A82A6C900A2E1FD /* FirebaseAuth */; };
		21CDB60A2A82A6C900A2E1FD /* FirebaseCrashlytics in Frameworks */ = {isa = PBXBuildFile; productRef = 21CDB6092A82A6C900A2E1FD /* FirebaseCrashlytics */; };
		21CDB60C2A82A6C900A2E1FD /* FirebaseFirestore in Frameworks */ = {isa = PBXBuildFile; productRef = 21CDB60B2A82A6C900A2E1FD /* FirebaseFirestore */; };
		21CDB60E2A82A6C900A2E1FD /* FirebaseFirestoreSwift in Frameworks */ = {isa = PBXBuildFile; productRef = 21CDB60D2A82A6C900A2E1FD /* FirebaseFirestoreSwift */; };
		21CDB6102A82A6C900A2E1FD /* FirebaseStorage in Frameworks */ = {isa = PBXBuildFile; productRef = 21CDB60F2A82A6C900A2E1FD /* FirebaseStorage */; };
		21CDB6132A82A9C500A2E1FD /* Location.swift in Sources */ = {isa = PBXBuildFile; fileRef = 21CDB6122A82A9C500A2E1FD /* Location.swift */; };
		21CDB6152A82A9D200A2E1FD /* User.swift in Sources */ = {isa = PBXBuildFile; fileRef = 21CDB6142A82A9D200A2E1FD /* User.swift */; };
		21CDB6172A82A9DC00A2E1FD /* World.swift in Sources */ = {isa = PBXBuildFile; fileRef = 21CDB6162A82A9DC00A2E1FD /* World.swift */; };
		21CDB6192A82AA8A00A2E1FD /* Stamp.swift in Sources */ = {isa = PBXBuildFile; fileRef = 21CDB6182A82AA8A00A2E1FD /* Stamp.swift */; };
		21CE1A762A86F616005DAD42 /* StartScreen.swift in Sources */ = {isa = PBXBuildFile; fileRef = 21CE1A752A86F616005DAD42 /* StartScreen.swift */; };
		21CE1A792A870744005DAD42 /* AsyncButton in Frameworks */ = {isa = PBXBuildFile; productRef = 21CE1A782A870744005DAD42 /* AsyncButton */; };
		21D03E322A8C026C00B07162 /* LocationView.swift in Sources */ = {isa = PBXBuildFile; fileRef = 21D03E312A8C026C00B07162 /* LocationView.swift */; };
		21D03E342A8C034800B07162 /* BlurView.swift in Sources */ = {isa = PBXBuildFile; fileRef = 21D03E332A8C034800B07162 /* BlurView.swift */; };
		21D03E362A8C097100B07162 /* CustomButton.swift in Sources */ = {isa = PBXBuildFile; fileRef = 21D03E352A8C097100B07162 /* CustomButton.swift */; };
		21D03E382A8C0DB100B07162 /* Particle.swift in Sources */ = {isa = PBXBuildFile; fileRef = 21D03E372A8C0DB100B07162 /* Particle.swift */; };
		21D467672A83E0E300973AB9 /* AuthService.swift in Sources */ = {isa = PBXBuildFile; fileRef = 21D467662A83E0E300973AB9 /* AuthService.swift */; };
		21D467692A83E70800973AB9 /* Utilities.swift in Sources */ = {isa = PBXBuildFile; fileRef = 21D467682A83E70800973AB9 /* Utilities.swift */; };
		21D4676B2A83EC9800973AB9 /* Extensions.swift in Sources */ = {isa = PBXBuildFile; fileRef = 21D4676A2A83EC9800973AB9 /* Extensions.swift */; };
		21D4676D2A83ED2700973AB9 /* DataService.swift in Sources */ = {isa = PBXBuildFile; fileRef = 21D4676C2A83ED2700973AB9 /* DataService.swift */; };
		21DAF7E82A93988F00AC1C28 /* LocationService.swift in Sources */ = {isa = PBXBuildFile; fileRef = 21DAF7E72A93988F00AC1C28 /* LocationService.swift */; };
		21DAF7EA2A939C3600AC1C28 /* Helpers.swift in Sources */ = {isa = PBXBuildFile; fileRef = 21DAF7E92A939C3600AC1C28 /* Helpers.swift */; };
		21DAF7ED2A93E43100AC1C28 /* LocationsViewModel.swift in Sources */ = {isa = PBXBuildFile; fileRef = 21DAF7EC2A93E43100AC1C28 /* LocationsViewModel.swift */; };
/* End PBXBuildFile section */

/* Begin PBXFileReference section */
		21AE54FA2A8BB46100CF1820 /* OnboardI.swift */ = {isa = PBXFileReference; lastKnownFileType = sourcecode.swift; path = OnboardI.swift; sourceTree = "<group>"; };
		21AE55012A8BBCB200CF1820 /* WorldView.swift */ = {isa = PBXFileReference; lastKnownFileType = sourcecode.swift; path = WorldView.swift; sourceTree = "<group>"; };
		21AED6862A8F150D000A1649 /* SpotThumbnail.swift */ = {isa = PBXFileReference; lastKnownFileType = sourcecode.swift; path = SpotThumbnail.swift; sourceTree = "<group>"; };
		21B295F92A8D3674007CF130 /* CityXcape.entitlements */ = {isa = PBXFileReference; lastKnownFileType = text.plist.entitlements; path = CityXcape.entitlements; sourceTree = "<group>"; };
		21B295FA2A8D3802007CF130 /* GoogleService-Info.plist */ = {isa = PBXFileReference; fileEncoding = 4; lastKnownFileType = text.plist.xml; path = "GoogleService-Info.plist"; sourceTree = "<group>"; };
		21B52F952A8E53E300C07CAB /* SignUpView.swift */ = {isa = PBXFileReference; lastKnownFileType = sourcecode.swift; path = SignUpView.swift; sourceTree = "<group>"; };
		21B7ED012A8665DA001BEF78 /* AnalyticsService.swift */ = {isa = PBXFileReference; lastKnownFileType = sourcecode.swift; path = AnalyticsService.swift; sourceTree = "<group>"; };
		21BB4CA12A83BFBE00A7FAD3 /* AnimationController.swift */ = {isa = PBXFileReference; lastKnownFileType = sourcecode.swift; path = AnimationController.swift; sourceTree = "<group>"; };
		21BB4CA32A83C1AD00A7FAD3 /* Info.plist */ = {isa = PBXFileReference; lastKnownFileType = text.plist; path = Info.plist; sourceTree = "<group>"; };
		21CDB5F12A82A2C800A2E1FD /* CityXcape.app */ = {isa = PBXFileReference; explicitFileType = wrapper.application; includeInIndex = 0; path = CityXcape.app; sourceTree = BUILT_PRODUCTS_DIR; };
		21CDB5F42A82A2C800A2E1FD /* CityXcapeApp.swift */ = {isa = PBXFileReference; lastKnownFileType = sourcecode.swift; path = CityXcapeApp.swift; sourceTree = "<group>"; };
		21CDB5F62A82A2C800A2E1FD /* HomeView.swift */ = {isa = PBXFileReference; lastKnownFileType = sourcecode.swift; path = HomeView.swift; sourceTree = "<group>"; };
		21CDB5F82A82A2C900A2E1FD /* Assets.xcassets */ = {isa = PBXFileReference; lastKnownFileType = folder.assetcatalog; path = Assets.xcassets; sourceTree = "<group>"; };
		21CDB5FB2A82A2C900A2E1FD /* Preview Assets.xcassets */ = {isa = PBXFileReference; lastKnownFileType = folder.assetcatalog; path = "Preview Assets.xcassets"; sourceTree = "<group>"; };
		21CDB6122A82A9C500A2E1FD /* Location.swift */ = {isa = PBXFileReference; lastKnownFileType = sourcecode.swift; path = Location.swift; sourceTree = "<group>"; };
		21CDB6142A82A9D200A2E1FD /* User.swift */ = {isa = PBXFileReference; lastKnownFileType = sourcecode.swift; path = User.swift; sourceTree = "<group>"; };
		21CDB6162A82A9DC00A2E1FD /* World.swift */ = {isa = PBXFileReference; lastKnownFileType = sourcecode.swift; path = World.swift; sourceTree = "<group>"; };
		21CDB6182A82AA8A00A2E1FD /* Stamp.swift */ = {isa = PBXFileReference; lastKnownFileType = sourcecode.swift; path = Stamp.swift; sourceTree = "<group>"; };
		21CE1A752A86F616005DAD42 /* StartScreen.swift */ = {isa = PBXFileReference; lastKnownFileType = sourcecode.swift; path = StartScreen.swift; sourceTree = "<group>"; };
		21D03E312A8C026C00B07162 /* LocationView.swift */ = {isa = PBXFileReference; lastKnownFileType = sourcecode.swift; path = LocationView.swift; sourceTree = "<group>"; };
		21D03E332A8C034800B07162 /* BlurView.swift */ = {isa = PBXFileReference; lastKnownFileType = sourcecode.swift; path = BlurView.swift; sourceTree = "<group>"; };
		21D03E352A8C097100B07162 /* CustomButton.swift */ = {isa = PBXFileReference; lastKnownFileType = sourcecode.swift; path = CustomButton.swift; sourceTree = "<group>"; };
		21D03E372A8C0DB100B07162 /* Particle.swift */ = {isa = PBXFileReference; lastKnownFileType = sourcecode.swift; path = Particle.swift; sourceTree = "<group>"; };
		21D467662A83E0E300973AB9 /* AuthService.swift */ = {isa = PBXFileReference; lastKnownFileType = sourcecode.swift; path = AuthService.swift; sourceTree = "<group>"; };
		21D467682A83E70800973AB9 /* Utilities.swift */ = {isa = PBXFileReference; lastKnownFileType = sourcecode.swift; path = Utilities.swift; sourceTree = "<group>"; };
		21D4676A2A83EC9800973AB9 /* Extensions.swift */ = {isa = PBXFileReference; lastKnownFileType = sourcecode.swift; path = Extensions.swift; sourceTree = "<group>"; };
		21D4676C2A83ED2700973AB9 /* DataService.swift */ = {isa = PBXFileReference; lastKnownFileType = sourcecode.swift; path = DataService.swift; sourceTree = "<group>"; };
		21DAF7E72A93988F00AC1C28 /* LocationService.swift */ = {isa = PBXFileReference; lastKnownFileType = sourcecode.swift; path = LocationService.swift; sourceTree = "<group>"; };
		21DAF7E92A939C3600AC1C28 /* Helpers.swift */ = {isa = PBXFileReference; lastKnownFileType = sourcecode.swift; path = Helpers.swift; sourceTree = "<group>"; };
		21DAF7EC2A93E43100AC1C28 /* LocationsViewModel.swift */ = {isa = PBXFileReference; lastKnownFileType = sourcecode.swift; path = LocationsViewModel.swift; sourceTree = "<group>"; };
/* End PBXFileReference section */

/* Begin PBXFrameworksBuildPhase section */
		21CDB5EE2A82A2C800A2E1FD /* Frameworks */ = {
			isa = PBXFrameworksBuildPhase;
			buildActionMask = 2147483647;
			files = (
				21AE54FE2A8BBC4000CF1820 /* SDWebImageSwiftUI in Frameworks */,
				21CDB60E2A82A6C900A2E1FD /* FirebaseFirestoreSwift in Frameworks */,
				21CDB60A2A82A6C900A2E1FD /* FirebaseCrashlytics in Frameworks */,
				21CDB60C2A82A6C900A2E1FD /* FirebaseFirestore in Frameworks */,
				21BB4CA82A83C20E00A7FAD3 /* GoogleSignInSwift in Frameworks */,
				21CDB6062A82A6C900A2E1FD /* FirebaseAnalytics in Frameworks */,
				21CDB6082A82A6C900A2E1FD /* FirebaseAuth in Frameworks */,
				21CDB6102A82A6C900A2E1FD /* FirebaseStorage in Frameworks */,
				21CE1A792A870744005DAD42 /* AsyncButton in Frameworks */,
				21BB4CA62A83C20E00A7FAD3 /* GoogleSignIn in Frameworks */,
			);
			runOnlyForDeploymentPostprocessing = 0;
		};
/* End PBXFrameworksBuildPhase section */

/* Begin PBXGroup section */
		21AE55002A8BBC9B00CF1820 /* Components */ = {
			isa = PBXGroup;
			children = (
				21AE55012A8BBCB200CF1820 /* WorldView.swift */,
				21D03E312A8C026C00B07162 /* LocationView.swift */,
				21D03E332A8C034800B07162 /* BlurView.swift */,
				21D03E352A8C097100B07162 /* CustomButton.swift */,
				21AED6862A8F150D000A1649 /* SpotThumbnail.swift */,
			);
			path = Components;
			sourceTree = "<group>";
		};
		21B7ED032A8666ED001BEF78 /* Core */ = {
			isa = PBXGroup;
			children = (
				21DAF7EB2A93E41700AC1C28 /* ViewModels */,
				21AE55002A8BBC9B00CF1820 /* Components */,
				21D467642A83E0C100973AB9 /* Services */,
				21BB4CA02A83BF9000A7FAD3 /* Helpers & Extensions */,
				21CDB6112A82A9AD00A2E1FD /* Models */,
				21B7ED042A866930001BEF78 /* SignUp */,
			);
			path = Core;
			sourceTree = "<group>";
		};
		21B7ED042A866930001BEF78 /* SignUp */ = {
			isa = PBXGroup;
			children = (
				21CE1A752A86F616005DAD42 /* StartScreen.swift */,
				21AE54FA2A8BB46100CF1820 /* OnboardI.swift */,
				21B52F952A8E53E300C07CAB /* SignUpView.swift */,
			);
			path = SignUp;
			sourceTree = "<group>";
		};
		21BB4CA02A83BF9000A7FAD3 /* Helpers & Extensions */ = {
			isa = PBXGroup;
			children = (
				21BB4CA12A83BFBE00A7FAD3 /* AnimationController.swift */,
				21D4676A2A83EC9800973AB9 /* Extensions.swift */,
				21DAF7E92A939C3600AC1C28 /* Helpers.swift */,
			);
			path = "Helpers & Extensions";
			sourceTree = "<group>";
		};
		21CDB5E82A82A2C800A2E1FD = {
			isa = PBXGroup;
			children = (
				21CDB5F32A82A2C800A2E1FD /* CityXcape */,
				21CDB5F22A82A2C800A2E1FD /* Products */,
			);
			sourceTree = "<group>";
		};
		21CDB5F22A82A2C800A2E1FD /* Products */ = {
			isa = PBXGroup;
			children = (
				21CDB5F12A82A2C800A2E1FD /* CityXcape.app */,
			);
			name = Products;
			sourceTree = "<group>";
		};
		21CDB5F32A82A2C800A2E1FD /* CityXcape */ = {
			isa = PBXGroup;
			children = (
				21B295F92A8D3674007CF130 /* CityXcape.entitlements */,
				21CDB5F42A82A2C800A2E1FD /* CityXcapeApp.swift */,
				21CDB5F62A82A2C800A2E1FD /* HomeView.swift */,
				21B7ED032A8666ED001BEF78 /* Core */,
				21CDB5F82A82A2C900A2E1FD /* Assets.xcassets */,
				21B295FA2A8D3802007CF130 /* GoogleService-Info.plist */,
				21BB4CA32A83C1AD00A7FAD3 /* Info.plist */,
				21CDB5FA2A82A2C900A2E1FD /* Preview Content */,
			);
			path = CityXcape;
			sourceTree = "<group>";
		};
		21CDB5FA2A82A2C900A2E1FD /* Preview Content */ = {
			isa = PBXGroup;
			children = (
				21CDB5FB2A82A2C900A2E1FD /* Preview Assets.xcassets */,
			);
			path = "Preview Content";
			sourceTree = "<group>";
		};
		21CDB6112A82A9AD00A2E1FD /* Models */ = {
			isa = PBXGroup;
			children = (
				21CDB6122A82A9C500A2E1FD /* Location.swift */,
				21CDB6142A82A9D200A2E1FD /* User.swift */,
				21CDB6162A82A9DC00A2E1FD /* World.swift */,
				21CDB6182A82AA8A00A2E1FD /* Stamp.swift */,
				21D03E372A8C0DB100B07162 /* Particle.swift */,
			);
			path = Models;
			sourceTree = "<group>";
		};
		21D467632A83E09900973AB9 /* Utilities */ = {
			isa = PBXGroup;
			children = (
				21D467682A83E70800973AB9 /* Utilities.swift */,
				21DAF7E72A93988F00AC1C28 /* LocationService.swift */,
			);
			path = Utilities;
			sourceTree = "<group>";
		};
		21D467642A83E0C100973AB9 /* Services */ = {
			isa = PBXGroup;
			children = (
				21D467652A83E0CD00973AB9 /* Firebase */,
				21D467632A83E09900973AB9 /* Utilities */,
			);
			path = Services;
			sourceTree = "<group>";
		};
		21D467652A83E0CD00973AB9 /* Firebase */ = {
			isa = PBXGroup;
			children = (
				21D467662A83E0E300973AB9 /* AuthService.swift */,
				21D4676C2A83ED2700973AB9 /* DataService.swift */,
				21B7ED012A8665DA001BEF78 /* AnalyticsService.swift */,
			);
			path = Firebase;
			sourceTree = "<group>";
		};
		21DAF7EB2A93E41700AC1C28 /* ViewModels */ = {
			isa = PBXGroup;
			children = (
				21DAF7EC2A93E43100AC1C28 /* LocationsViewModel.swift */,
			);
			path = ViewModels;
			sourceTree = "<group>";
		};
/* End PBXGroup section */

/* Begin PBXNativeTarget section */
		21CDB5F02A82A2C800A2E1FD /* CityXcape */ = {
			isa = PBXNativeTarget;
			buildConfigurationList = 21CDB5FF2A82A2C900A2E1FD /* Build configuration list for PBXNativeTarget "CityXcape" */;
			buildPhases = (
				21CDB5ED2A82A2C800A2E1FD /* Sources */,
				21CDB5EE2A82A2C800A2E1FD /* Frameworks */,
				21CDB5EF2A82A2C800A2E1FD /* Resources */,
			);
			buildRules = (
			);
			dependencies = (
			);
			name = CityXcape;
			packageProductDependencies = (
				21CDB6052A82A6C900A2E1FD /* FirebaseAnalytics */,
				21CDB6072A82A6C900A2E1FD /* FirebaseAuth */,
				21CDB6092A82A6C900A2E1FD /* FirebaseCrashlytics */,
				21CDB60B2A82A6C900A2E1FD /* FirebaseFirestore */,
				21CDB60D2A82A6C900A2E1FD /* FirebaseFirestoreSwift */,
				21CDB60F2A82A6C900A2E1FD /* FirebaseStorage */,
				21BB4CA52A83C20E00A7FAD3 /* GoogleSignIn */,
				21BB4CA72A83C20E00A7FAD3 /* GoogleSignInSwift */,
				21CE1A782A870744005DAD42 /* AsyncButton */,
				21AE54FD2A8BBC4000CF1820 /* SDWebImageSwiftUI */,
			);
			productName = CityXcape;
			productReference = 21CDB5F12A82A2C800A2E1FD /* CityXcape.app */;
			productType = "com.apple.product-type.application";
		};
/* End PBXNativeTarget section */

/* Begin PBXProject section */
		21CDB5E92A82A2C800A2E1FD /* Project object */ = {
			isa = PBXProject;
			attributes = {
				BuildIndependentTargetsInParallel = 1;
				LastSwiftUpdateCheck = 1430;
				LastUpgradeCheck = 1430;
				TargetAttributes = {
					21CDB5F02A82A2C800A2E1FD = {
						CreatedOnToolsVersion = 14.3.1;
					};
				};
			};
			buildConfigurationList = 21CDB5EC2A82A2C800A2E1FD /* Build configuration list for PBXProject "CityXcape" */;
			compatibilityVersion = "Xcode 14.0";
			developmentRegion = en;
			hasScannedForEncodings = 0;
			knownRegions = (
				en,
				Base,
			);
			mainGroup = 21CDB5E82A82A2C800A2E1FD;
			packageReferences = (
				21CDB6042A82A6C900A2E1FD /* XCRemoteSwiftPackageReference "firebase-ios-sdk" */,
				21BB4CA42A83C20E00A7FAD3 /* XCRemoteSwiftPackageReference "GoogleSignIn-iOS" */,
				21CE1A772A870744005DAD42 /* XCRemoteSwiftPackageReference "swiftui-async-button" */,
				21AE54FC2A8BBC4000CF1820 /* XCRemoteSwiftPackageReference "SDWebImageSwiftUI" */,
			);
			productRefGroup = 21CDB5F22A82A2C800A2E1FD /* Products */;
			projectDirPath = "";
			projectRoot = "";
			targets = (
				21CDB5F02A82A2C800A2E1FD /* CityXcape */,
			);
		};
/* End PBXProject section */

/* Begin PBXResourcesBuildPhase section */
		21CDB5EF2A82A2C800A2E1FD /* Resources */ = {
			isa = PBXResourcesBuildPhase;
			buildActionMask = 2147483647;
			files = (
				21CDB5FC2A82A2C900A2E1FD /* Preview Assets.xcassets in Resources */,
				21CDB5F92A82A2C900A2E1FD /* Assets.xcassets in Resources */,
				21B295FB2A8D3802007CF130 /* GoogleService-Info.plist in Resources */,
			);
			runOnlyForDeploymentPostprocessing = 0;
		};
/* End PBXResourcesBuildPhase section */

/* Begin PBXSourcesBuildPhase section */
		21CDB5ED2A82A2C800A2E1FD /* Sources */ = {
			isa = PBXSourcesBuildPhase;
			buildActionMask = 2147483647;
			files = (
				21CDB6152A82A9D200A2E1FD /* User.swift in Sources */,
				21D03E382A8C0DB100B07162 /* Particle.swift in Sources */,
				21D03E362A8C097100B07162 /* CustomButton.swift in Sources */,
				21DAF7E82A93988F00AC1C28 /* LocationService.swift in Sources */,
				21D03E322A8C026C00B07162 /* LocationView.swift in Sources */,
				21CDB6132A82A9C500A2E1FD /* Location.swift in Sources */,
				21B7ED022A8665DA001BEF78 /* AnalyticsService.swift in Sources */,
				21D03E342A8C034800B07162 /* BlurView.swift in Sources */,
				21AE54FB2A8BB46100CF1820 /* OnboardI.swift in Sources */,
				21CE1A762A86F616005DAD42 /* StartScreen.swift in Sources */,
				21AED6872A8F150D000A1649 /* SpotThumbnail.swift in Sources */,
				21B52F962A8E53E300C07CAB /* SignUpView.swift in Sources */,
				21CDB5F72A82A2C800A2E1FD /* HomeView.swift in Sources */,
				21CDB5F52A82A2C800A2E1FD /* CityXcapeApp.swift in Sources */,
				21BB4CA22A83BFBE00A7FAD3 /* AnimationController.swift in Sources */,
				21D4676D2A83ED2700973AB9 /* DataService.swift in Sources */,
				21D4676B2A83EC9800973AB9 /* Extensions.swift in Sources */,
				21CDB6172A82A9DC00A2E1FD /* World.swift in Sources */,
				21DAF7EA2A939C3600AC1C28 /* Helpers.swift in Sources */,
				21DAF7ED2A93E43100AC1C28 /* LocationsViewModel.swift in Sources */,
				21D467692A83E70800973AB9 /* Utilities.swift in Sources */,
				21AE55022A8BBCB200CF1820 /* WorldView.swift in Sources */,
				21CDB6192A82AA8A00A2E1FD /* Stamp.swift in Sources */,
				21D467672A83E0E300973AB9 /* AuthService.swift in Sources */,
			);
			runOnlyForDeploymentPostprocessing = 0;
		};
/* End PBXSourcesBuildPhase section */

/* Begin XCBuildConfiguration section */
		21CDB5FD2A82A2C900A2E1FD /* Debug */ = {
			isa = XCBuildConfiguration;
			buildSettings = {
				ALWAYS_SEARCH_USER_PATHS = NO;
				CLANG_ANALYZER_NONNULL = YES;
				CLANG_ANALYZER_NUMBER_OBJECT_CONVERSION = YES_AGGRESSIVE;
				CLANG_CXX_LANGUAGE_STANDARD = "gnu++20";
				CLANG_ENABLE_MODULES = YES;
				CLANG_ENABLE_OBJC_ARC = YES;
				CLANG_ENABLE_OBJC_WEAK = YES;
				CLANG_WARN_BLOCK_CAPTURE_AUTORELEASING = YES;
				CLANG_WARN_BOOL_CONVERSION = YES;
				CLANG_WARN_COMMA = YES;
				CLANG_WARN_CONSTANT_CONVERSION = YES;
				CLANG_WARN_DEPRECATED_OBJC_IMPLEMENTATIONS = YES;
				CLANG_WARN_DIRECT_OBJC_ISA_USAGE = YES_ERROR;
				CLANG_WARN_DOCUMENTATION_COMMENTS = YES;
				CLANG_WARN_EMPTY_BODY = YES;
				CLANG_WARN_ENUM_CONVERSION = YES;
				CLANG_WARN_INFINITE_RECURSION = YES;
				CLANG_WARN_INT_CONVERSION = YES;
				CLANG_WARN_NON_LITERAL_NULL_CONVERSION = YES;
				CLANG_WARN_OBJC_IMPLICIT_RETAIN_SELF = YES;
				CLANG_WARN_OBJC_LITERAL_CONVERSION = YES;
				CLANG_WARN_OBJC_ROOT_CLASS = YES_ERROR;
				CLANG_WARN_QUOTED_INCLUDE_IN_FRAMEWORK_HEADER = YES;
				CLANG_WARN_RANGE_LOOP_ANALYSIS = YES;
				CLANG_WARN_STRICT_PROTOTYPES = YES;
				CLANG_WARN_SUSPICIOUS_MOVE = YES;
				CLANG_WARN_UNGUARDED_AVAILABILITY = YES_AGGRESSIVE;
				CLANG_WARN_UNREACHABLE_CODE = YES;
				CLANG_WARN__DUPLICATE_METHOD_MATCH = YES;
				COPY_PHASE_STRIP = NO;
				DEBUG_INFORMATION_FORMAT = dwarf;
				ENABLE_STRICT_OBJC_MSGSEND = YES;
				ENABLE_TESTABILITY = YES;
				GCC_C_LANGUAGE_STANDARD = gnu11;
				GCC_DYNAMIC_NO_PIC = NO;
				GCC_NO_COMMON_BLOCKS = YES;
				GCC_OPTIMIZATION_LEVEL = 0;
				GCC_PREPROCESSOR_DEFINITIONS = (
					"DEBUG=1",
					"$(inherited)",
				);
				GCC_WARN_64_TO_32_BIT_CONVERSION = YES;
				GCC_WARN_ABOUT_RETURN_TYPE = YES_ERROR;
				GCC_WARN_UNDECLARED_SELECTOR = YES;
				GCC_WARN_UNINITIALIZED_AUTOS = YES_AGGRESSIVE;
				GCC_WARN_UNUSED_FUNCTION = YES;
				GCC_WARN_UNUSED_VARIABLE = YES;
				IPHONEOS_DEPLOYMENT_TARGET = 16.4;
				MTL_ENABLE_DEBUG_INFO = INCLUDE_SOURCE;
				MTL_FAST_MATH = YES;
				ONLY_ACTIVE_ARCH = YES;
				SDKROOT = iphoneos;
				SWIFT_ACTIVE_COMPILATION_CONDITIONS = DEBUG;
				SWIFT_OPTIMIZATION_LEVEL = "-Onone";
			};
			name = Debug;
		};
		21CDB5FE2A82A2C900A2E1FD /* Release */ = {
			isa = XCBuildConfiguration;
			buildSettings = {
				ALWAYS_SEARCH_USER_PATHS = NO;
				CLANG_ANALYZER_NONNULL = YES;
				CLANG_ANALYZER_NUMBER_OBJECT_CONVERSION = YES_AGGRESSIVE;
				CLANG_CXX_LANGUAGE_STANDARD = "gnu++20";
				CLANG_ENABLE_MODULES = YES;
				CLANG_ENABLE_OBJC_ARC = YES;
				CLANG_ENABLE_OBJC_WEAK = YES;
				CLANG_WARN_BLOCK_CAPTURE_AUTORELEASING = YES;
				CLANG_WARN_BOOL_CONVERSION = YES;
				CLANG_WARN_COMMA = YES;
				CLANG_WARN_CONSTANT_CONVERSION = YES;
				CLANG_WARN_DEPRECATED_OBJC_IMPLEMENTATIONS = YES;
				CLANG_WARN_DIRECT_OBJC_ISA_USAGE = YES_ERROR;
				CLANG_WARN_DOCUMENTATION_COMMENTS = YES;
				CLANG_WARN_EMPTY_BODY = YES;
				CLANG_WARN_ENUM_CONVERSION = YES;
				CLANG_WARN_INFINITE_RECURSION = YES;
				CLANG_WARN_INT_CONVERSION = YES;
				CLANG_WARN_NON_LITERAL_NULL_CONVERSION = YES;
				CLANG_WARN_OBJC_IMPLICIT_RETAIN_SELF = YES;
				CLANG_WARN_OBJC_LITERAL_CONVERSION = YES;
				CLANG_WARN_OBJC_ROOT_CLASS = YES_ERROR;
				CLANG_WARN_QUOTED_INCLUDE_IN_FRAMEWORK_HEADER = YES;
				CLANG_WARN_RANGE_LOOP_ANALYSIS = YES;
				CLANG_WARN_STRICT_PROTOTYPES = YES;
				CLANG_WARN_SUSPICIOUS_MOVE = YES;
				CLANG_WARN_UNGUARDED_AVAILABILITY = YES_AGGRESSIVE;
				CLANG_WARN_UNREACHABLE_CODE = YES;
				CLANG_WARN__DUPLICATE_METHOD_MATCH = YES;
				COPY_PHASE_STRIP = NO;
				DEBUG_INFORMATION_FORMAT = "dwarf-with-dsym";
				ENABLE_NS_ASSERTIONS = NO;
				ENABLE_STRICT_OBJC_MSGSEND = YES;
				GCC_C_LANGUAGE_STANDARD = gnu11;
				GCC_NO_COMMON_BLOCKS = YES;
				GCC_WARN_64_TO_32_BIT_CONVERSION = YES;
				GCC_WARN_ABOUT_RETURN_TYPE = YES_ERROR;
				GCC_WARN_UNDECLARED_SELECTOR = YES;
				GCC_WARN_UNINITIALIZED_AUTOS = YES_AGGRESSIVE;
				GCC_WARN_UNUSED_FUNCTION = YES;
				GCC_WARN_UNUSED_VARIABLE = YES;
				IPHONEOS_DEPLOYMENT_TARGET = 16.4;
				MTL_ENABLE_DEBUG_INFO = NO;
				MTL_FAST_MATH = YES;
				SDKROOT = iphoneos;
				SWIFT_COMPILATION_MODE = wholemodule;
				SWIFT_OPTIMIZATION_LEVEL = "-O";
				VALIDATE_PRODUCT = YES;
			};
			name = Release;
		};
		21CDB6002A82A2C900A2E1FD /* Debug */ = {
			isa = XCBuildConfiguration;
			buildSettings = {
				ASSETCATALOG_COMPILER_APPICON_NAME = AppIcon;
				ASSETCATALOG_COMPILER_GLOBAL_ACCENT_COLOR_NAME = AccentColor;
				CODE_SIGN_ENTITLEMENTS = CityXcape/CityXcape.entitlements;
				CODE_SIGN_STYLE = Automatic;
				CURRENT_PROJECT_VERSION = 1;
				DEVELOPMENT_ASSET_PATHS = "\"CityXcape/Preview Content\"";
				DEVELOPMENT_TEAM = M85RTB7279;
				ENABLE_PREVIEWS = YES;
				GENERATE_INFOPLIST_FILE = YES;
				INFOPLIST_FILE = CityXcape/Info.plist;
				INFOPLIST_KEY_NSCameraUsageDescription = "CityXcape needs access to your camera for spot image";
				INFOPLIST_KEY_NSLocationAlwaysAndWhenInUseUsageDescription = "CityXcape needs your location to find spots near you";
				INFOPLIST_KEY_NSLocationWhenInUseUsageDescription = "CityXcape needs your location to find spots near you";
				INFOPLIST_KEY_NSPhotoLibraryAddUsageDescription = "CityXcape wants to save your stamps";
				INFOPLIST_KEY_NSPhotoLibraryUsageDescription = "CityXcape needs access to your photo library for spot images";
				INFOPLIST_KEY_UIApplicationSceneManifest_Generation = YES;
				INFOPLIST_KEY_UIApplicationSupportsIndirectInputEvents = YES;
				INFOPLIST_KEY_UILaunchScreen_Generation = YES;
				INFOPLIST_KEY_UISupportedInterfaceOrientations_iPad = "UIInterfaceOrientationPortrait UIInterfaceOrientationPortraitUpsideDown UIInterfaceOrientationLandscapeLeft UIInterfaceOrientationLandscapeRight";
				INFOPLIST_KEY_UISupportedInterfaceOrientations_iPhone = "UIInterfaceOrientationPortrait UIInterfaceOrientationLandscapeLeft UIInterfaceOrientationLandscapeRight";
				LD_RUNPATH_SEARCH_PATHS = (
					"$(inherited)",
					"@executable_path/Frameworks",
				);
				MARKETING_VERSION = 1.0;
				PRODUCT_BUNDLE_IDENTIFIER = com.cityXcape.CityXcape0;
				PRODUCT_NAME = "$(TARGET_NAME)";
				SWIFT_EMIT_LOC_STRINGS = YES;
				SWIFT_VERSION = 5.0;
				TARGETED_DEVICE_FAMILY = "1,2";
			};
			name = Debug;
		};
		21CDB6012A82A2C900A2E1FD /* Release */ = {
			isa = XCBuildConfiguration;
			buildSettings = {
				ASSETCATALOG_COMPILER_APPICON_NAME = AppIcon;
				ASSETCATALOG_COMPILER_GLOBAL_ACCENT_COLOR_NAME = AccentColor;
				CODE_SIGN_ENTITLEMENTS = CityXcape/CityXcape.entitlements;
				CODE_SIGN_STYLE = Automatic;
				CURRENT_PROJECT_VERSION = 1;
				DEVELOPMENT_ASSET_PATHS = "\"CityXcape/Preview Content\"";
				DEVELOPMENT_TEAM = M85RTB7279;
				ENABLE_PREVIEWS = YES;
				GENERATE_INFOPLIST_FILE = YES;
				INFOPLIST_FILE = CityXcape/Info.plist;
				INFOPLIST_KEY_NSCameraUsageDescription = "CityXcape needs access to your camera for spot image";
				INFOPLIST_KEY_NSLocationAlwaysAndWhenInUseUsageDescription = "CityXcape needs your location to find spots near you";
				INFOPLIST_KEY_NSLocationWhenInUseUsageDescription = "CityXcape needs your location to find spots near you";
				INFOPLIST_KEY_NSPhotoLibraryAddUsageDescription = "CityXcape wants to save your stamps";
				INFOPLIST_KEY_NSPhotoLibraryUsageDescription = "CityXcape needs access to your photo library for spot images";
				INFOPLIST_KEY_UIApplicationSceneManifest_Generation = YES;
				INFOPLIST_KEY_UIApplicationSupportsIndirectInputEvents = YES;
				INFOPLIST_KEY_UILaunchScreen_Generation = YES;
				INFOPLIST_KEY_UISupportedInterfaceOrientations_iPad = "UIInterfaceOrientationPortrait UIInterfaceOrientationPortraitUpsideDown UIInterfaceOrientationLandscapeLeft UIInterfaceOrientationLandscapeRight";
				INFOPLIST_KEY_UISupportedInterfaceOrientations_iPhone = "UIInterfaceOrientationPortrait UIInterfaceOrientationLandscapeLeft UIInterfaceOrientationLandscapeRight";
				LD_RUNPATH_SEARCH_PATHS = (
					"$(inherited)",
					"@executable_path/Frameworks",
				);
				MARKETING_VERSION = 1.0;
				PRODUCT_BUNDLE_IDENTIFIER = com.cityXcape.CityXcape0;
				PRODUCT_NAME = "$(TARGET_NAME)";
				SWIFT_EMIT_LOC_STRINGS = YES;
				SWIFT_VERSION = 5.0;
				TARGETED_DEVICE_FAMILY = "1,2";
			};
			name = Release;
		};
/* End XCBuildConfiguration section */

/* Begin XCConfigurationList section */
		21CDB5EC2A82A2C800A2E1FD /* Build configuration list for PBXProject "CityXcape" */ = {
			isa = XCConfigurationList;
			buildConfigurations = (
				21CDB5FD2A82A2C900A2E1FD /* Debug */,
				21CDB5FE2A82A2C900A2E1FD /* Release */,
			);
			defaultConfigurationIsVisible = 0;
			defaultConfigurationName = Release;
		};
		21CDB5FF2A82A2C900A2E1FD /* Build configuration list for PBXNativeTarget "CityXcape" */ = {
			isa = XCConfigurationList;
			buildConfigurations = (
				21CDB6002A82A2C900A2E1FD /* Debug */,
				21CDB6012A82A2C900A2E1FD /* Release */,
			);
			defaultConfigurationIsVisible = 0;
			defaultConfigurationName = Release;
		};
/* End XCConfigurationList section */

/* Begin XCRemoteSwiftPackageReference section */
		21AE54FC2A8BBC4000CF1820 /* XCRemoteSwiftPackageReference "SDWebImageSwiftUI" */ = {
			isa = XCRemoteSwiftPackageReference;
			repositoryURL = "https://github.com/SDWebImage/SDWebImageSwiftUI.git";
			requirement = {
				kind = upToNextMajorVersion;
				minimumVersion = 2.0.0;
			};
		};
		21BB4CA42A83C20E00A7FAD3 /* XCRemoteSwiftPackageReference "GoogleSignIn-iOS" */ = {
			isa = XCRemoteSwiftPackageReference;
			repositoryURL = "https://github.com/google/GoogleSignIn-iOS";
			requirement = {
				kind = upToNextMajorVersion;
				minimumVersion = 7.0.0;
			};
		};
		21CDB6042A82A6C900A2E1FD /* XCRemoteSwiftPackageReference "firebase-ios-sdk" */ = {
			isa = XCRemoteSwiftPackageReference;
			repositoryURL = "https://github.com/firebase/firebase-ios-sdk";
			requirement = {
				kind = upToNextMajorVersion;
				minimumVersion = 10.0.0;
			};
		};
		21CE1A772A870744005DAD42 /* XCRemoteSwiftPackageReference "swiftui-async-button" */ = {
			isa = XCRemoteSwiftPackageReference;
			repositoryURL = "https://github.com/lorenzofiamingo/swiftui-async-button";
			requirement = {
				kind = upToNextMajorVersion;
				minimumVersion = 1.0.0;
			};
		};
/* End XCRemoteSwiftPackageReference section */

/* Begin XCSwiftPackageProductDependency section */
		21AE54FD2A8BBC4000CF1820 /* SDWebImageSwiftUI */ = {
			isa = XCSwiftPackageProductDependency;
			package = 21AE54FC2A8BBC4000CF1820 /* XCRemoteSwiftPackageReference "SDWebImageSwiftUI" */;
			productName = SDWebImageSwiftUI;
		};
		21BB4CA52A83C20E00A7FAD3 /* GoogleSignIn */ = {
			isa = XCSwiftPackageProductDependency;
			package = 21BB4CA42A83C20E00A7FAD3 /* XCRemoteSwiftPackageReference "GoogleSignIn-iOS" */;
			productName = GoogleSignIn;
		};
		21BB4CA72A83C20E00A7FAD3 /* GoogleSignInSwift */ = {
			isa = XCSwiftPackageProductDependency;
			package = 21BB4CA42A83C20E00A7FAD3 /* XCRemoteSwiftPackageReference "GoogleSignIn-iOS" */;
			productName = GoogleSignInSwift;
		};
		21CDB6052A82A6C900A2E1FD /* FirebaseAnalytics */ = {
			isa = XCSwiftPackageProductDependency;
			package = 21CDB6042A82A6C900A2E1FD /* XCRemoteSwiftPackageReference "firebase-ios-sdk" */;
			productName = FirebaseAnalytics;
		};
		21CDB6072A82A6C900A2E1FD /* FirebaseAuth */ = {
			isa = XCSwiftPackageProductDependency;
			package = 21CDB6042A82A6C900A2E1FD /* XCRemoteSwiftPackageReference "firebase-ios-sdk" */;
			productName = FirebaseAuth;
		};
		21CDB6092A82A6C900A2E1FD /* FirebaseCrashlytics */ = {
			isa = XCSwiftPackageProductDependency;
			package = 21CDB6042A82A6C900A2E1FD /* XCRemoteSwiftPackageReference "firebase-ios-sdk" */;
			productName = FirebaseCrashlytics;
		};
		21CDB60B2A82A6C900A2E1FD /* FirebaseFirestore */ = {
			isa = XCSwiftPackageProductDependency;
			package = 21CDB6042A82A6C900A2E1FD /* XCRemoteSwiftPackageReference "firebase-ios-sdk" */;
			productName = FirebaseFirestore;
		};
		21CDB60D2A82A6C900A2E1FD /* FirebaseFirestoreSwift */ = {
			isa = XCSwiftPackageProductDependency;
			package = 21CDB6042A82A6C900A2E1FD /* XCRemoteSwiftPackageReference "firebase-ios-sdk" */;
			productName = FirebaseFirestoreSwift;
		};
		21CDB60F2A82A6C900A2E1FD /* FirebaseStorage */ = {
			isa = XCSwiftPackageProductDependency;
			package = 21CDB6042A82A6C900A2E1FD /* XCRemoteSwiftPackageReference "firebase-ios-sdk" */;
			productName = FirebaseStorage;
		};
		21CE1A782A870744005DAD42 /* AsyncButton */ = {
			isa = XCSwiftPackageProductDependency;
			package = 21CE1A772A870744005DAD42 /* XCRemoteSwiftPackageReference "swiftui-async-button" */;
			productName = AsyncButton;
		};
/* End XCSwiftPackageProductDependency section */
	};
	rootObject = 21CDB5E92A82A2C800A2E1FD /* Project object */;
}
